
Microsoft Visual Studio Solution File, Format Version 12.00
# Visual Studio Version 17
VisualStudioVersion = 17.14.36408.4 d17.14
MinimumVisualStudioVersion = 10.0.40219.1
Project("{FAE04EC0-301F-11D3-BF4B-00C04F79EFBC}") = "Events-manager", "Events-manager.csproj", "{570A37BF-4268-451C-A61D-8D9BA122D6DF}"
EndProject
Global
	GlobalSection(SolutionConfigurationPlatforms) = preSolution
		Debug|Any CPU = Debug|Any CPU
		Release|Any CPU = Release|Any CPU
	EndGlobalSection
	GlobalSection(ProjectConfigurationPlatforms) = postSolution
		{570A37BF-4268-451C-A61D-8D9BA122D6DF}.Debug|Any CPU.ActiveCfg = Debug|Any CPU
		{570A37BF-4268-451C-A61D-8D9BA122D6DF}.Debug|Any CPU.Build.0 = Debug|Any CPU
		{570A37BF-4268-451C-A61D-8D9BA122D6DF}.Release|Any CPU.ActiveCfg = Release|Any CPU
		{570A37BF-4268-451C-A61D-8D9BA122D6DF}.Release|Any CPU.Build.0 = Release|Any CPU
	EndGlobalSection
	GlobalSection(SolutionProperties) = preSolution
		HideSolutionNode = FALSE
	EndGlobalSection
	GlobalSection(ExtensibilityGlobals) = postSolution
		SolutionGuid = {27EAFBCF-9BD1-4E3E-AE2C-A34A4FBD0C4F}
	EndGlobalSection
EndGlobal
